{
  "name": "service-map",
  "version": "1.0.0",
  "lockfileVersion": 3,
  "requires": true,
  "packages": {
    "": {
      "name": "service-map",
      "version": "1.0.0",
      "license": "ISC",
      "dependencies": {
        "konva": "^9.2.2"
      },
      "devDependencies": {
        "typescript": "^5.2.2"
      }
    },
    "node_modules/konva": {
      "version": "9.2.2",
      "resolved": "https://registry.npmjs.org/konva/-/konva-9.2.2.tgz",
      "integrity": "sha512-Gyn5hQa/5+8pJvTn/IVyZWgum2otWXszuVCG/cevkAyKUFcmFv4tGbQhHFGtJPLQkGO+W6xfgRzyYIkNgKnPxA==",
      "funding": [
        {
          "type": "patreon",
          "url": "https://www.patreon.com/lavrton"
        },
        {
          "type": "opencollective",
          "url": "https://opencollective.com/konva"
        },
        {
          "type": "github",
          "url": "https://github.com/sponsors/lavrton"
        }
      ]
    },
    "node_modules/typescript": {
      "version": "5.2.2",
      "resolved": "https://registry.npmjs.org/typescript/-/typescript-5.2.2.tgz",
      "integrity": "sha512-mI4WrpHsbCIcwT9cF4FZvr80QUeKvsUsUvKDoR+X/7XHQH98xYD8YHZg7ANtz2GtZt/CBq2QJ0thkGJMHfqc1w==",
      "dev": true,
      "bin": {
        "tsc": "bin/tsc",
        "tsserver": "bin/tsserver"
      },
      "engines": {
        "node": ">=14.17"
      }
    }
  }
}
